
Microsoft Visual Studio Solution File, Format Version 12.00
# Visual Studio Version 17
VisualStudioVersion = 17.6.33723.286
MinimumVisualStudioVersion = 10.0.40219.1
Project("{FAE04EC0-301F-11D3-BF4B-00C04F79EFBC}") = "vSql", "vSql.csproj", "{75D8BE23-8231-439F-A562-78A61947C46B}"
EndProject
Global
	GlobalSection(SolutionConfigurationPlatforms) = preSolution
		Debug|Any CPU = Debug|Any CPU
		Release|Any CPU = Release|Any CPU
	EndGlobalSection
	GlobalSection(ProjectConfigurationPlatforms) = postSolution
		{75D8BE23-8231-439F-A562-78A61947C46B}.Debug|Any CPU.ActiveCfg = Debug|Any CPU
		{75D8BE23-8231-439F-A562-78A61947C46B}.Debug|Any CPU.Build.0 = Debug|Any CPU
		{75D8BE23-8231-439F-A562-78A61947C46B}.Release|Any CPU.ActiveCfg = Release|Any CPU
		{75D8BE23-8231-439F-A562-78A61947C46B}.Release|Any CPU.Build.0 = Release|Any CPU
	EndGlobalSection
	GlobalSection(SolutionProperties) = preSolution
		HideSolutionNode = FALSE
	EndGlobalSection
	GlobalSection(ExtensibilityGlobals) = postSolution
		SolutionGuid = {6F051703-D13D-43D0-8A3B-22938A7FD509}
	EndGlobalSection
EndGlobal
